# This file is automatically @generated by Cargo.
# It is not intended for manual editing.
version = 3

[[package]]
name = "poc-core"
version = "0.1.0"

[[package]]
name = "poc-demo"
version = "0.1.0"
dependencies = [
 "poc-core",
 "poc-economics",
 "poc-engine",
 "poc-margin",
 "poc-oracle",
 "poc-orderbook",
 "poc-risk",
]

[[package]]
name = "poc-economics"
version = "0.1.0"
dependencies = [
 "poc-core",
]

[[package]]
name = "poc-engine"
version = "0.1.0"
dependencies = [
 "poc-core",
 "poc-economics",
 "poc-margin",
 "poc-oracle",
 "poc-orderbook",
 "poc-risk",
]

[[package]]
name = "poc-margin"
version = "0.1.0"
dependencies = [
 "poc-core",
]

[[package]]
name = "poc-oracle"
version = "0.1.0"
dependencies = [
 "poc-core",
]

[[package]]
name = "poc-orderbook"
version = "0.1.0"
dependencies = [
 "poc-core",
]

[[package]]
name = "poc-risk"
version = "0.1.0"
dependencies = [
 "poc-core",
 "poc-margin",
]
